<?xml version="1.0" encoding="utf-8"?>
<Project ToolsVersion="4.0" xmlns="http://schemas.microsoft.com/developer/msbuild/2003">
  <ItemGroup>
    <Filter Include="Исходные файлы">
      <UniqueIdentifier>{4FC737F1-C7A5-4376-A066-2A32D752A2FF}</UniqueIdentifier>
      <Extensions>cpp;c;cc;cxx;c++;cppm;ixx;def;odl;idl;hpj;bat;asm;asmx</Extensions>
    </Filter>
    <Filter Include="Файлы заголовков">
      <UniqueIdentifier>{93995380-89BD-4b04-88EB-625FBE52EBFB}</UniqueIdentifier>
      <Extensions>h;hh;hpp;hxx;h++;hm;inl;inc;ipp;xsd</Extensions>
    </Filter>
    <Filter Include="Файлы ресурсов">
      <UniqueIdentifier>{67DA6AB6-F800-4c08-8B7A-83BB121AAD01}</UniqueIdentifier>
      <Extensions>rc;ico;cur;bmp;dlg;rc2;rct;bin;rgs;gif;jpg;jpeg;jpe;resx;tiff;tif;png;wav;mfcribbon-ms</Extensions>
    </Filter>
  </ItemGroup>
  <ItemGroup>
    <ClCompile Include="SPH3D.cpp">
      <Filter>Исходные файлы</Filter>
    </ClCompile>
    <ClCompile Include="art_heat.cpp">
      <Filter>Файлы ресурсов</Filter>
    </ClCompile>
    <ClCompile Include="art_visc.cpp">
      <Filter>Файлы ресурсов</Filter>
    </ClCompile>
    <ClCompile Include="density.cpp">
      <Filter>Файлы ресурсов</Filter>
    </ClCompile>
    <ClCompile Include="ext_force.cpp">
      <Filter>Файлы ресурсов</Filter>
    </ClCompile>
    <ClCompile Include="hsml.cpp">
      <Filter>Файлы ресурсов</Filter>
    </ClCompile>
    <ClCompile Include="input.cpp">
      <Filter>Файлы ресурсов</Filter>
    </ClCompile>
    <ClCompile Include="input_virtual.cpp">
      <Filter>Файлы ресурсов</Filter>
    </ClCompile>
    <ClCompile Include="int_force.cpp">
      <Filter>Файлы ресурсов</Filter>
    </ClCompile>
    <ClCompile Include="kernel.cpp">
      <Filter>Файлы ресурсов</Filter>
    </ClCompile>
    <ClCompile Include="linked_list.cpp">
      <Filter>Файлы ресурсов</Filter>
    </ClCompile>
    <ClCompile Include="output.cpp">
      <Filter>Файлы ресурсов</Filter>
    </ClCompile>
    <ClCompile Include="param.cpp">
      <Filter>Файлы ресурсов</Filter>
    </ClCompile>
    <ClCompile Include="particles.cpp">
      <Filter>Файлы ресурсов</Filter>
    </ClCompile>
    <ClCompile Include="pressure.cpp">
      <Filter>Файлы ресурсов</Filter>
    </ClCompile>
    <ClCompile Include="SPH_Method.cpp">
      <Filter>Файлы ресурсов</Filter>
    </ClCompile>
    <ClCompile Include="av_vel.cpp">
      <Filter>Файлы ресурсов</Filter>
    </ClCompile>
    <ClCompile Include="neighbor_search.cpp">
      <Filter>Файлы ресурсов</Filter>
    </ClCompile>
  </ItemGroup>
  <ItemGroup>
    <ClInclude Include="art_heat.h">
      <Filter>Файлы заголовков</Filter>
    </ClInclude>
    <ClInclude Include="art_visc.h">
      <Filter>Файлы заголовков</Filter>
    </ClInclude>
    <ClInclude Include="density.h">
      <Filter>Файлы заголовков</Filter>
    </ClInclude>
    <ClInclude Include="ext_force.h">
      <Filter>Файлы заголовков</Filter>
    </ClInclude>
    <ClInclude Include="hsml.h">
      <Filter>Файлы заголовков</Filter>
    </ClInclude>
    <ClInclude Include="input.h">
      <Filter>Файлы заголовков</Filter>
    </ClInclude>
    <ClInclude Include="input_virtual.h">
      <Filter>Файлы заголовков</Filter>
    </ClInclude>
    <ClInclude Include="int_force.h">
      <Filter>Файлы заголовков</Filter>
    </ClInclude>
    <ClInclude Include="kernel.h">
      <Filter>Файлы заголовков</Filter>
    </ClInclude>
    <ClInclude Include="linked_list.h">
      <Filter>Файлы заголовков</Filter>
    </ClInclude>
    <ClInclude Include="output.h">
      <Filter>Файлы заголовков</Filter>
    </ClInclude>
    <ClInclude Include="param.h">
      <Filter>Файлы заголовков</Filter>
    </ClInclude>
    <ClInclude Include="particles.h">
      <Filter>Файлы заголовков</Filter>
    </ClInclude>
    <ClInclude Include="pressure.h">
      <Filter>Файлы заголовков</Filter>
    </ClInclude>
    <ClInclude Include="SPH_Method.h">
      <Filter>Файлы заголовков</Filter>
    </ClInclude>
    <ClInclude Include="av_vel.h">
      <Filter>Файлы заголовков</Filter>
    </ClInclude>
    <ClInclude Include="neighbor_search.h">
      <Filter>Файлы заголовков</Filter>
    </ClInclude>
  </ItemGroup>
</Project>